
Microsoft Visual Studio Solution File, Format Version 12.00
# Visual Studio 14
VisualStudioVersion = 14.0.25420.1
MinimumVisualStudioVersion = 10.0.40219.1
Project("{2150E333-8FDC-42A3-9474-1A3956D46DE8}") = "Engine", "Engine", "{18E15224-2728-4A4E-9C5F-88ADB72D3BCA}"
EndProject
Project("{2150E333-8FDC-42A3-9474-1A3956D46DE8}") = "Games", "Games", "{E147A617-16C5-4988-95B6-CDB723AFA99E}"
EndProject
Project("{8BC9CEB8-8B4A-11D0-8D11-00A0C91BC942}") = "UE4", "Intermediate\ProjectFiles\UE4.vcxproj", "{90DE9247-535A-47A5-8884-EFB55DFDE125}"
EndProject
Project("{8BC9CEB8-8B4A-11D0-8D11-00A0C91BC942}") = "EscapeGame", "Intermediate\ProjectFiles\EscapeGame.vcxproj", "{BE413D7D-8AC9-4C32-A68A-2C92BA53FBC5}"
EndProject
Global
	GlobalSection(SolutionConfigurationPlatforms) = preSolution
		DebugGame Editor|HTML5 = DebugGame Editor|HTML5
		DebugGame Editor|Win32 = DebugGame Editor|Win32
		DebugGame Editor|Win64 = DebugGame Editor|Win64
		DebugGame|HTML5 = DebugGame|HTML5
		DebugGame|Win32 = DebugGame|Win32
		DebugGame|Win64 = DebugGame|Win64
		Development Editor|HTML5 = Development Editor|HTML5
		Development Editor|Win32 = Development Editor|Win32
		Development Editor|Win64 = Development Editor|Win64
		Development|HTML5 = Development|HTML5
		Development|Win32 = Development|Win32
		Development|Win64 = Development|Win64
		Shipping|HTML5 = Shipping|HTML5
		Shipping|Win32 = Shipping|Win32
		Shipping|Win64 = Shipping|Win64
	EndGlobalSection
	GlobalSection(ProjectConfigurationPlatforms) = postSolution
		{90DE9247-535A-47A5-8884-EFB55DFDE125}.DebugGame Editor|HTML5.ActiveCfg = BuiltWithUnrealBuildTool|Win32
		{90DE9247-535A-47A5-8884-EFB55DFDE125}.DebugGame Editor|HTML5.Build.0 = BuiltWithUnrealBuildTool|Win32
		{90DE9247-535A-47A5-8884-EFB55DFDE125}.DebugGame Editor|Win32.ActiveCfg = BuiltWithUnrealBuildTool|Win32
		{90DE9247-535A-47A5-8884-EFB55DFDE125}.DebugGame Editor|Win32.Build.0 = BuiltWithUnrealBuildTool|Win32
		{90DE9247-535A-47A5-8884-EFB55DFDE125}.DebugGame Editor|Win64.ActiveCfg = BuiltWithUnrealBuildTool|Win32
		{90DE9247-535A-47A5-8884-EFB55DFDE125}.DebugGame Editor|Win64.Build.0 = BuiltWithUnrealBuildTool|Win32
		{90DE9247-535A-47A5-8884-EFB55DFDE125}.DebugGame|HTML5.ActiveCfg = BuiltWithUnrealBuildTool|Win32
		{90DE9247-535A-47A5-8884-EFB55DFDE125}.DebugGame|HTML5.Build.0 = BuiltWithUnrealBuildTool|Win32
		{90DE9247-535A-47A5-8884-EFB55DFDE125}.DebugGame|Win32.ActiveCfg = BuiltWithUnrealBuildTool|Win32
		{90DE9247-535A-47A5-8884-EFB55DFDE125}.DebugGame|Win32.Build.0 = BuiltWithUnrealBuildTool|Win32
		{90DE9247-535A-47A5-8884-EFB55DFDE125}.DebugGame|Win64.ActiveCfg = BuiltWithUnrealBuildTool|Win32
		{90DE9247-535A-47A5-8884-EFB55DFDE125}.DebugGame|Win64.Build.0 = BuiltWithUnrealBuildTool|Win32
		{90DE9247-535A-47A5-8884-EFB55DFDE125}.Development Editor|HTML5.ActiveCfg = BuiltWithUnrealBuildTool|Win32
		{90DE9247-535A-47A5-8884-EFB55DFDE125}.Development Editor|HTML5.Build.0 = BuiltWithUnrealBuildTool|Win32
		{90DE9247-535A-47A5-8884-EFB55DFDE125}.Development Editor|Win32.ActiveCfg = BuiltWithUnrealBuildTool|Win32
		{90DE9247-535A-47A5-8884-EFB55DFDE125}.Development Editor|Win32.Build.0 = BuiltWithUnrealBuildTool|Win32
		{90DE9247-535A-47A5-8884-EFB55DFDE125}.Development Editor|Win64.ActiveCfg = BuiltWithUnrealBuildTool|Win32
		{90DE9247-535A-47A5-8884-EFB55DFDE125}.Development Editor|Win64.Build.0 = BuiltWithUnrealBuildTool|Win32
		{90DE9247-535A-47A5-8884-EFB55DFDE125}.Development|HTML5.ActiveCfg = BuiltWithUnrealBuildTool|Win32
		{90DE9247-535A-47A5-8884-EFB55DFDE125}.Development|HTML5.Build.0 = BuiltWithUnrealBuildTool|Win32
		{90DE9247-535A-47A5-8884-EFB55DFDE125}.Development|Win32.ActiveCfg = BuiltWithUnrealBuildTool|Win32
		{90DE9247-535A-47A5-8884-EFB55DFDE125}.Development|Win32.Build.0 = BuiltWithUnrealBuildTool|Win32
		{90DE9247-535A-47A5-8884-EFB55DFDE125}.Development|Win64.ActiveCfg = BuiltWithUnrealBuildTool|Win32
		{90DE9247-535A-47A5-8884-EFB55DFDE125}.Development|Win64.Build.0 = BuiltWithUnrealBuildTool|Win32
		{90DE9247-535A-47A5-8884-EFB55DFDE125}.Shipping|HTML5.ActiveCfg = BuiltWithUnrealBuildTool|Win32
		{90DE9247-535A-47A5-8884-EFB55DFDE125}.Shipping|HTML5.Build.0 = BuiltWithUnrealBuildTool|Win32
		{90DE9247-535A-47A5-8884-EFB55DFDE125}.Shipping|Win32.ActiveCfg = BuiltWithUnrealBuildTool|Win32
		{90DE9247-535A-47A5-8884-EFB55DFDE125}.Shipping|Win32.Build.0 = BuiltWithUnrealBuildTool|Win32
		{90DE9247-535A-47A5-8884-EFB55DFDE125}.Shipping|Win64.ActiveCfg = BuiltWithUnrealBuildTool|Win32
		{90DE9247-535A-47A5-8884-EFB55DFDE125}.Shipping|Win64.Build.0 = BuiltWithUnrealBuildTool|Win32
		{BE413D7D-8AC9-4C32-A68A-2C92BA53FBC5}.DebugGame Editor|HTML5.ActiveCfg = HTML5_DebugGame_Editor|Win32
		{BE413D7D-8AC9-4C32-A68A-2C92BA53FBC5}.DebugGame Editor|Win32.ActiveCfg = DebugGame_Editor|Win32
		{BE413D7D-8AC9-4C32-A68A-2C92BA53FBC5}.DebugGame Editor|Win64.ActiveCfg = DebugGame_Editor|x64
		{BE413D7D-8AC9-4C32-A68A-2C92BA53FBC5}.DebugGame Editor|Win64.Build.0 = DebugGame_Editor|x64
		{BE413D7D-8AC9-4C32-A68A-2C92BA53FBC5}.DebugGame|HTML5.ActiveCfg = HTML5_DebugGame_Game|Win32
		{BE413D7D-8AC9-4C32-A68A-2C92BA53FBC5}.DebugGame|HTML5.Build.0 = HTML5_DebugGame_Game|Win32
		{BE413D7D-8AC9-4C32-A68A-2C92BA53FBC5}.DebugGame|Win32.ActiveCfg = DebugGame_Game|Win32
		{BE413D7D-8AC9-4C32-A68A-2C92BA53FBC5}.DebugGame|Win32.Build.0 = DebugGame_Game|Win32
		{BE413D7D-8AC9-4C32-A68A-2C92BA53FBC5}.DebugGame|Win64.ActiveCfg = DebugGame_Game|x64
		{BE413D7D-8AC9-4C32-A68A-2C92BA53FBC5}.DebugGame|Win64.Build.0 = DebugGame_Game|x64
		{BE413D7D-8AC9-4C32-A68A-2C92BA53FBC5}.Development Editor|HTML5.ActiveCfg = HTML5_Development_Editor|Win32
		{BE413D7D-8AC9-4C32-A68A-2C92BA53FBC5}.Development Editor|Win32.ActiveCfg = Development_Editor|Win32
		{BE413D7D-8AC9-4C32-A68A-2C92BA53FBC5}.Development Editor|Win64.ActiveCfg = Development_Editor|x64
		{BE413D7D-8AC9-4C32-A68A-2C92BA53FBC5}.Development Editor|Win64.Build.0 = Development_Editor|x64
		{BE413D7D-8AC9-4C32-A68A-2C92BA53FBC5}.Development|HTML5.ActiveCfg = HTML5_Development_Game|Win32
		{BE413D7D-8AC9-4C32-A68A-2C92BA53FBC5}.Development|HTML5.Build.0 = HTML5_Development_Game|Win32
		{BE413D7D-8AC9-4C32-A68A-2C92BA53FBC5}.Development|Win32.ActiveCfg = Development_Game|Win32
		{BE413D7D-8AC9-4C32-A68A-2C92BA53FBC5}.Development|Win32.Build.0 = Development_Game|Win32
		{BE413D7D-8AC9-4C32-A68A-2C92BA53FBC5}.Development|Win64.ActiveCfg = Development_Game|x64
		{BE413D7D-8AC9-4C32-A68A-2C92BA53FBC5}.Development|Win64.Build.0 = Development_Game|x64
		{BE413D7D-8AC9-4C32-A68A-2C92BA53FBC5}.Shipping|HTML5.ActiveCfg = HTML5_Shipping_Game|Win32
		{BE413D7D-8AC9-4C32-A68A-2C92BA53FBC5}.Shipping|HTML5.Build.0 = HTML5_Shipping_Game|Win32
		{BE413D7D-8AC9-4C32-A68A-2C92BA53FBC5}.Shipping|Win32.ActiveCfg = Shipping_Game|Win32
		{BE413D7D-8AC9-4C32-A68A-2C92BA53FBC5}.Shipping|Win32.Build.0 = Shipping_Game|Win32
		{BE413D7D-8AC9-4C32-A68A-2C92BA53FBC5}.Shipping|Win64.ActiveCfg = Shipping_Game|x64
		{BE413D7D-8AC9-4C32-A68A-2C92BA53FBC5}.Shipping|Win64.Build.0 = Shipping_Game|x64
	EndGlobalSection
	GlobalSection(SolutionProperties) = preSolution
		HideSolutionNode = FALSE
	EndGlobalSection
	GlobalSection(NestedProjects) = preSolution
		{90DE9247-535A-47A5-8884-EFB55DFDE125} = {18E15224-2728-4A4E-9C5F-88ADB72D3BCA}
		{BE413D7D-8AC9-4C32-A68A-2C92BA53FBC5} = {E147A617-16C5-4988-95B6-CDB723AFA99E}
	EndGlobalSection
EndGlobal
